
Microsoft Visual Studio Solution File, Format Version 12.00
# Visual Studio Version 17
VisualStudioVersion = 17.3.32901.215
MinimumVisualStudioVersion = 10.0.40219.1
Project("{FAE04EC0-301F-11D3-BF4B-00C04F79EFBC}") = "ConsoleApp27", "ConsoleApp27\ConsoleApp27.csproj", "{14F897BD-470D-4350-9934-BACC97742C6C}"
EndProject
Global
	GlobalSection(SolutionConfigurationPlatforms) = preSolution
		Debug|Any CPU = Debug|Any CPU
		Release|Any CPU = Release|Any CPU
	EndGlobalSection
	GlobalSection(ProjectConfigurationPlatforms) = postSolution
		{14F897BD-470D-4350-9934-BACC97742C6C}.Debug|Any CPU.ActiveCfg = Debug|Any CPU
		{14F897BD-470D-4350-9934-BACC97742C6C}.Debug|Any CPU.Build.0 = Debug|Any CPU
		{14F897BD-470D-4350-9934-BACC97742C6C}.Release|Any CPU.ActiveCfg = Release|Any CPU
		{14F897BD-470D-4350-9934-BACC97742C6C}.Release|Any CPU.Build.0 = Release|Any CPU
	EndGlobalSection
	GlobalSection(SolutionProperties) = preSolution
		HideSolutionNode = FALSE
	EndGlobalSection
	GlobalSection(ExtensibilityGlobals) = postSolution
		SolutionGuid = {FD37073D-B0AB-4C9C-BE17-C710A4DDC955}
	EndGlobalSection
EndGlobal
